
Microsoft Visual Studio Solution File, Format Version 12.00
# Visual Studio Version 17
VisualStudioVersion = 17.13.35919.96
MinimumVisualStudioVersion = 10.0.40219.1
Project("{FAE04EC0-301F-11D3-BF4B-00C04F79EFBC}") = "FastFoodApp", "FastFoodApp.csproj", "{EDA27C34-F18F-44C2-B01D-A3DB378B773B}"
EndProject
Global
	GlobalSection(SolutionConfigurationPlatforms) = preSolution
		Debug|Any CPU = Debug|Any CPU
		Release|Any CPU = Release|Any CPU
	EndGlobalSection
	GlobalSection(ProjectConfigurationPlatforms) = postSolution
		{EDA27C34-F18F-44C2-B01D-A3DB378B773B}.Debug|Any CPU.ActiveCfg = Debug|Any CPU
		{EDA27C34-F18F-44C2-B01D-A3DB378B773B}.Debug|Any CPU.Build.0 = Debug|Any CPU
		{EDA27C34-F18F-44C2-B01D-A3DB378B773B}.Release|Any CPU.ActiveCfg = Release|Any CPU
		{EDA27C34-F18F-44C2-B01D-A3DB378B773B}.Release|Any CPU.Build.0 = Release|Any CPU
	EndGlobalSection
	GlobalSection(SolutionProperties) = preSolution
		HideSolutionNode = FALSE
	EndGlobalSection
	GlobalSection(ExtensibilityGlobals) = postSolution
		SolutionGuid = {FCFB39F4-E135-443C-B7B7-07D3B314CF4B}
	EndGlobalSection
EndGlobal
